Microsoft Visual Studio Solution File, Format Version 12.00
# Visual Studio 15
VisualStudioVersion = 15.0.27004.2006
MinimumVisualStudioVersion = 10.0.40219.1
Project("{FAE04EC0-301F-11D3-BF4B-00C04F79EFBC}") = "ServisInfo_API", "ServisInfo_API\ServisInfo_API.csproj", "{2BF9992D-0A5B-4FAA-8B4E-F705CDA9ED89}"
EndProject
Project("{FAE04EC0-301F-11D3-BF4B-00C04F79EFBC}") = "ServisInfo_UI", "ServisInfo_UI\ServisInfo_UI.csproj", "{EE479023-0612-410B-BB52-4CD7C99E3752}"
EndProject
Project("{FAE04EC0-301F-11D3-BF4B-00C04F79EFBC}") = "ServisInfoSolution.Android", "ServisInfoSolution\ServisInfoSolution.Android\ServisInfoSolution.Android.csproj", "{C26F501C-E167-47A1-BF35-7E3F40E84775}"
EndProject
Project("{FAE04EC0-301F-11D3-BF4B-00C04F79EFBC}") = "ServisInfoSolution.iOS", "ServisInfoSolution\ServisInfoSolution.iOS\ServisInfoSolution.iOS.csproj", "{DFC1264D-2CF3-4F9C-85E6-463FE28A5583}"
EndProject
Project("{FAE04EC0-301F-11D3-BF4B-00C04F79EFBC}") = "ServisInfoSolution.UWP", "ServisInfoSolution\ServisInfoSolution.UWP\ServisInfoSolution.UWP.csproj", "{91217F32-D44C-4602-98D1-C165C14A4CDC}"
EndProject
Project("{D954291E-2A0B-460D-934E-DC6B0785DB48}") = "ServisInfoSolution", "ServisInfoSolution\ServisInfoSolution\ServisInfoSolution.shproj", "{F6FECF9A-746F-4766-A82E-0D1CF8F60FAC}"
EndProject
Project("{FAE04EC0-301F-11D3-BF4B-00C04F79EFBC}") = "ServisInfo_PCL", "ServisInfo_PCL\ServisInfo_PCL.csproj", "{9EEF0367-8F51-442B-98CF-79F5909566A7}"
EndProject
Global
	GlobalSection(SharedMSBuildProjectFiles) = preSolution
		ServisInfoSolution\ServisInfoSolution\ServisInfoSolution.projitems*{91217f32-d44c-4602-98d1-c165c14a4cdc}*SharedItemsImports = 4
		ServisInfoSolution\ServisInfoSolution\ServisInfoSolution.projitems*{c26f501c-e167-47a1-bf35-7e3f40e84775}*SharedItemsImports = 4
		ServisInfoSolution\ServisInfoSolution\ServisInfoSolution.projitems*{dfc1264d-2cf3-4f9c-85e6-463fe28a5583}*SharedItemsImports = 4
		ServisInfoSolution\ServisInfoSolution\ServisInfoSolution.projitems*{f6fecf9a-746f-4766-a82e-0d1cf8f60fac}*SharedItemsImports = 13
	EndGlobalSection
	GlobalSection(SolutionConfigurationPlatforms) = preSolution
		Ad-Hoc|Any CPU = Ad-Hoc|Any CPU
		Ad-Hoc|ARM = Ad-Hoc|ARM
		Ad-Hoc|iPhone = Ad-Hoc|iPhone
		Ad-Hoc|iPhoneSimulator = Ad-Hoc|iPhoneSimulator
		Ad-Hoc|Mixed Platforms = Ad-Hoc|Mixed Platforms
		Ad-Hoc|x64 = Ad-Hoc|x64
		Ad-Hoc|x86 = Ad-Hoc|x86
		AppStore|Any CPU = AppStore|Any CPU
		AppStore|ARM = AppStore|ARM
		AppStore|iPhone = AppStore|iPhone
		AppStore|iPhoneSimulator = AppStore|iPhoneSimulator
		AppStore|Mixed Platforms = AppStore|Mixed Platforms
		AppStore|x64 = AppStore|x64
		AppStore|x86 = AppStore|x86
		Debug|Any CPU = Debug|Any CPU
		Debug|ARM = Debug|ARM
		Debug|iPhone = Debug|iPhone
		Debug|iPhoneSimulator = Debug|iPhoneSimulator
		Debug|Mixed Platforms = Debug|Mixed Platforms
		Debug|x64 = Debug|x64
		Debug|x86 = Debug|x86
		Release|Any CPU = Release|Any CPU
		Release|ARM = Release|ARM
		Release|iPhone = Release|iPhone
		Release|iPhoneSimulator = Release|iPhoneSimulator
		Release|Mixed Platforms = Release|Mixed Platforms
		Release|x64 = Release|x64
		Release|x86 = Release|x86
	EndGlobalSection
	GlobalSection(ProjectConfigurationPlatforms) = postSolution
		{2BF9992D-0A5B-4FAA-8B4E-F705CDA9ED89}.Ad-Hoc|Any CPU.ActiveCfg = Release|Any CPU
		{2BF9992D-0A5B-4FAA-8B4E-F705CDA9ED89}.Ad-Hoc|Any CPU.Build.0 = Release|Any CPU
		{2BF9992D-0A5B-4FAA-8B4E-F705CDA9ED89}.Ad-Hoc|ARM.ActiveCfg = Release|Any CPU
		{2BF9992D-0A5B-4FAA-8B4E-F705CDA9ED89}.Ad-Hoc|ARM.Build.0 = Release|Any CPU
		{2BF9992D-0A5B-4FAA-8B4E-F705CDA9ED89}.Ad-Hoc|iPhone.ActiveCfg = Release|Any CPU
		{2BF9992D-0A5B-4FAA-8B4E-F705CDA9ED89}.Ad-Hoc|iPhone.Build.0 = Release|Any CPU
		{2BF9992D-0A5B-4FAA-8B4E-F705CDA9ED89}.Ad-Hoc|iPhoneSimulator.ActiveCfg = Release|Any CPU
		{2BF9992D-0A5B-4FAA-8B4E-F705CDA9ED89}.Ad-Hoc|iPhoneSimulator.Build.0 = Release|Any CPU
		{2BF9992D-0A5B-4FAA-8B4E-F705CDA9ED89}.Ad-Hoc|Mixed Platforms.ActiveCfg = Debug|Any CPU
		{2BF9992D-0A5B-4FAA-8B4E-F705CDA9ED89}.Ad-Hoc|Mixed Platforms.Build.0 = Debug|Any CPU
		{2BF9992D-0A5B-4FAA-8B4E-F705CDA9ED89}.Ad-Hoc|x64.ActiveCfg = Release|Any CPU
		{2BF9992D-0A5B-4FAA-8B4E-F705CDA9ED89}.Ad-Hoc|x64.Build.0 = Release|Any CPU
		{2BF9992D-0A5B-4FAA-8B4E-F705CDA9ED89}.Ad-Hoc|x86.ActiveCfg = Release|Any CPU
		{2BF9992D-0A5B-4FAA-8B4E-F705CDA9ED89}.Ad-Hoc|x86.Build.0 = Release|Any CPU
		{2BF9992D-0A5B-4FAA-8B4E-F705CDA9ED89}.AppStore|Any CPU.ActiveCfg = Release|Any CPU
		{2BF9992D-0A5B-4FAA-8B4E-F705CDA9ED89}.AppStore|Any CPU.Build.0 = Release|Any CPU
		{2BF9992D-0A5B-4FAA-8B4E-F705CDA9ED89}.AppStore|ARM.ActiveCfg = Release|Any CPU
		{2BF9992D-0A5B-4FAA-8B4E-F705CDA9ED89}.AppStore|ARM.Build.0 = Release|Any CPU
		{2BF9992D-0A5B-4FAA-8B4E-F705CDA9ED89}.AppStore|iPhone.ActiveCfg = Release|Any CPU
		{2BF9992D-0A5B-4FAA-8B4E-F705CDA9ED89}.AppStore|iPhone.Build.0 = Release|Any CPU
		{2BF9992D-0A5B-4FAA-8B4E-F705CDA9ED89}.AppStore|iPhoneSimulator.ActiveCfg = Release|Any CPU
		{2BF9992D-0A5B-4FAA-8B4E-F705CDA9ED89}.AppStore|iPhoneSimulator.Build.0 = Release|Any CPU
		{2BF9992D-0A5B-4FAA-8B4E-F705CDA9ED89}.AppStore|Mixed Platforms.ActiveCfg = Debug|Any CPU
		{2BF9992D-0A5B-4FAA-8B4E-F705CDA9ED89}.AppStore|Mixed Platforms.Build.0 = Debug|Any CPU
		{2BF9992D-0A5B-4FAA-8B4E-F705CDA9ED89}.AppStore|x64.ActiveCfg = Release|Any CPU
		{2BF9992D-0A5B-4FAA-8B4E-F705CDA9ED89}.AppStore|x64.Build.0 = Release|Any CPU
		{2BF9992D-0A5B-4FAA-8B4E-F705CDA9ED89}.AppStore|x86.ActiveCfg = Release|Any CPU
		{2BF9992D-0A5B-4FAA-8B4E-F705CDA9ED89}.AppStore|x86.Build.0 = Release|Any CPU
		{2BF9992D-0A5B-4FAA-8B4E-F705CDA9ED89}.Debug|Any CPU.ActiveCfg = Debug|Any CPU
		{2BF9992D-0A5B-4FAA-8B4E-F705CDA9ED89}.Debug|Any CPU.Build.0 = Debug|Any CPU
		{2BF9992D-0A5B-4FAA-8B4E-F705CDA9ED89}.Debug|ARM.ActiveCfg = Debug|Any CPU
		{2BF9992D-0A5B-4FAA-8B4E-F705CDA9ED89}.Debug|ARM.Build.0 = Debug|Any CPU
		{2BF9992D-0A5B-4FAA-8B4E-F705CDA9ED89}.Debug|iPhone.ActiveCfg = Debug|Any CPU
		{2BF9992D-0A5B-4FAA-8B4E-F705CDA9ED89}.Debug|iPhone.Build.0 = Debug|Any CPU
		{2BF9992D-0A5B-4FAA-8B4E-F705CDA9ED89}.Debug|iPhoneSimulator.ActiveCfg = Debug|Any CPU
		{2BF9992D-0A5B-4FAA-8B4E-F705CDA9ED89}.Debug|iPhoneSimulator.Build.0 = Debug|Any CPU
		{2BF9992D-0A5B-4FAA-8B4E-F705CDA9ED89}.Debug|Mixed Platforms.ActiveCfg = Debug|Any CPU
		{2BF9992D-0A5B-4FAA-8B4E-F705CDA9ED89}.Debug|Mixed Platforms.Build.0 = Debug|Any CPU
		{2BF9992D-0A5B-4FAA-8B4E-F705CDA9ED89}.Debug|x64.ActiveCfg = Debug|Any CPU
		{2BF9992D-0A5B-4FAA-8B4E-F705CDA9ED89}.Debug|x64.Build.0 = Debug|Any CPU
		{2BF9992D-0A5B-4FAA-8B4E-F705CDA9ED89}.Debug|x86.ActiveCfg = Debug|Any CPU
		{2BF9992D-0A5B-4FAA-8B4E-F705CDA9ED89}.Debug|x86.Build.0 = Debug|Any CPU
		{2BF9992D-0A5B-4FAA-8B4E-F705CDA9ED89}.Release|Any CPU.ActiveCfg = Release|Any CPU
		{2BF9992D-0A5B-4FAA-8B4E-F705CDA9ED89}.Release|Any CPU.Build.0 = Release|Any CPU
		{2BF9992D-0A5B-4FAA-8B4E-F705CDA9ED89}.Release|ARM.ActiveCfg = Release|Any CPU
		{2BF9992D-0A5B-4FAA-8B4E-F705CDA9ED89}.Release|ARM.Build.0 = Release|Any CPU
		{2BF9992D-0A5B-4FAA-8B4E-F705CDA9ED89}.Release|iPhone.ActiveCfg = Release|Any CPU
		{2BF9992D-0A5B-4FAA-8B4E-F705CDA9ED89}.Release|iPhone.Build.0 = Release|Any CPU
		{2BF9992D-0A5B-4FAA-8B4E-F705CDA9ED89}.Release|iPhoneSimulator.ActiveCfg = Release|Any CPU
		{2BF9992D-0A5B-4FAA-8B4E-F705CDA9ED89}.Release|iPhoneSimulator.Build.0 = Release|Any CPU
		{2BF9992D-0A5B-4FAA-8B4E-F705CDA9ED89}.Release|Mixed Platforms.ActiveCfg = Release|Any CPU
		{2BF9992D-0A5B-4FAA-8B4E-F705CDA9ED89}.Release|Mixed Platforms.Build.0 = Release|Any CPU
		{2BF9992D-0A5B-4FAA-8B4E-F705CDA9ED89}.Release|x64.ActiveCfg = Release|Any CPU
		{2BF9992D-0A5B-4FAA-8B4E-F705CDA9ED89}.Release|x64.Build.0 = Release|Any CPU
		{2BF9992D-0A5B-4FAA-8B4E-F705CDA9ED89}.Release|x86.ActiveCfg = Release|Any CPU
		{2BF9992D-0A5B-4FAA-8B4E-F705CDA9ED89}.Release|x86.Build.0 = Release|Any CPU
		{EE479023-0612-410B-BB52-4CD7C99E3752}.Ad-Hoc|Any CPU.ActiveCfg = Release|Any CPU
		{EE479023-0612-410B-BB52-4CD7C99E3752}.Ad-Hoc|Any CPU.Build.0 = Release|Any CPU
		{EE479023-0612-410B-BB52-4CD7C99E3752}.Ad-Hoc|ARM.ActiveCfg = Release|Any CPU
		{EE479023-0612-410B-BB52-4CD7C99E3752}.Ad-Hoc|ARM.Build.0 = Release|Any CPU
		{EE479023-0612-410B-BB52-4CD7C99E3752}.Ad-Hoc|iPhone.ActiveCfg = Release|Any CPU
		{EE479023-0612-410B-BB52-4CD7C99E3752}.Ad-Hoc|iPhone.Build.0 = Release|Any CPU
		{EE479023-0612-410B-BB52-4CD7C99E3752}.Ad-Hoc|iPhoneSimulator.ActiveCfg = Release|Any CPU
		{EE479023-0612-410B-BB52-4CD7C99E3752}.Ad-Hoc|iPhoneSimulator.Build.0 = Release|Any CPU
		{EE479023-0612-410B-BB52-4CD7C99E3752}.Ad-Hoc|Mixed Platforms.ActiveCfg = Debug|Any CPU
		{EE479023-0612-410B-BB52-4CD7C99E3752}.Ad-Hoc|Mixed Platforms.Build.0 = Debug|Any CPU
		{EE479023-0612-410B-BB52-4CD7C99E3752}.Ad-Hoc|x64.ActiveCfg = Release|Any CPU
		{EE479023-0612-410B-BB52-4CD7C99E3752}.Ad-Hoc|x64.Build.0 = Release|Any CPU
		{EE479023-0612-410B-BB52-4CD7C99E3752}.Ad-Hoc|x86.ActiveCfg = Release|Any CPU
		{EE479023-0612-410B-BB52-4CD7C99E3752}.Ad-Hoc|x86.Build.0 = Release|Any CPU
		{EE479023-0612-410B-BB52-4CD7C99E3752}.AppStore|Any CPU.ActiveCfg = Release|Any CPU
		{EE479023-0612-410B-BB52-4CD7C99E3752}.AppStore|Any CPU.Build.0 = Release|Any CPU
		{EE479023-0612-410B-BB52-4CD7C99E3752}.AppStore|ARM.ActiveCfg = Release|Any CPU
		{EE479023-0612-410B-BB52-4CD7C99E3752}.AppStore|ARM.Build.0 = Release|Any CPU
		{EE479023-0612-410B-BB52-4CD7C99E3752}.AppStore|iPhone.ActiveCfg = Release|Any CPU
		{EE479023-0612-410B-BB52-4CD7C99E3752}.AppStore|iPhone.Build.0 = Release|Any CPU
		{EE479023-0612-410B-BB52-4CD7C99E3752}.AppStore|iPhoneSimulator.ActiveCfg = Release|Any CPU
		{EE479023-0612-410B-BB52-4CD7C99E3752}.AppStore|iPhoneSimulator.Build.0 = Release|Any CPU
		{EE479023-0612-410B-BB52-4CD7C99E3752}.AppStore|Mixed Platforms.ActiveCfg = Debug|Any CPU
		{EE479023-0612-410B-BB52-4CD7C99E3752}.AppStore|Mixed Platforms.Build.0 = Debug|Any CPU
		{EE479023-0612-410B-BB52-4CD7C99E3752}.AppStore|x64.ActiveCfg = Release|Any CPU
		{EE479023-0612-410B-BB52-4CD7C99E3752}.AppStore|x64.Build.0 = Release|Any CPU
		{EE479023-0612-410B-BB52-4CD7C99E3752}.AppStore|x86.ActiveCfg = Release|Any CPU
		{EE479023-0612-410B-BB52-4CD7C99E3752}.AppStore|x86.Build.0 = Release|Any CPU
		{EE479023-0612-410B-BB52-4CD7C99E3752}.Debug|Any CPU.ActiveCfg = Debug|Any CPU
		{EE479023-0612-410B-BB52-4CD7C99E3752}.Debug|Any CPU.Build.0 = Debug|Any CPU
		{EE479023-0612-410B-BB52-4CD7C99E3752}.Debug|ARM.ActiveCfg = Debug|Any CPU
		{EE479023-0612-410B-BB52-4CD7C99E3752}.Debug|ARM.Build.0 = Debug|Any CPU
		{EE479023-0612-410B-BB52-4CD7C99E3752}.Debug|iPhone.ActiveCfg = Debug|Any CPU
		{EE479023-0612-410B-BB52-4CD7C99E3752}.Debug|iPhone.Build.0 = Debug|Any CPU
		{EE479023-0612-410B-BB52-4CD7C99E3752}.Debug|iPhoneSimulator.ActiveCfg = Debug|Any CPU
		{EE479023-0612-410B-BB52-4CD7C99E3752}.Debug|iPhoneSimulator.Build.0 = Debug|Any CPU
		{EE479023-0612-410B-BB52-4CD7C99E3752}.Debug|Mixed Platforms.ActiveCfg = Debug|Any CPU
		{EE479023-0612-410B-BB52-4CD7C99E3752}.Debug|Mixed Platforms.Build.0 = Debug|Any CPU
		{EE479023-0612-410B-BB52-4CD7C99E3752}.Debug|x64.ActiveCfg = Debug|Any CPU
		{EE479023-0612-410B-BB52-4CD7C99E3752}.Debug|x64.Build.0 = Debug|Any CPU
		{EE479023-0612-410B-BB52-4CD7C99E3752}.Debug|x86.ActiveCfg = Debug|Any CPU
		{EE479023-0612-410B-BB52-4CD7C99E3752}.Debug|x86.Build.0 = Debug|Any CPU
		{EE479023-0612-410B-BB52-4CD7C99E3752}.Release|Any CPU.ActiveCfg = Release|Any CPU
		{EE479023-0612-410B-BB52-4CD7C99E3752}.Release|Any CPU.Build.0 = Release|Any CPU
		{EE479023-0612-410B-BB52-4CD7C99E3752}.Release|ARM.ActiveCfg = Release|Any CPU
		{EE479023-0612-410B-BB52-4CD7C99E3752}.Release|ARM.Build.0 = Release|Any CPU
		{EE479023-0612-410B-BB52-4CD7C99E3752}.Release|iPhone.ActiveCfg = Release|Any CPU
		{EE479023-0612-410B-BB52-4CD7C99E3752}.Release|iPhone.Build.0 = Release|Any CPU
		{EE479023-0612-410B-BB52-4CD7C99E3752}.Release|iPhoneSimulator.ActiveCfg = Release|Any CPU
		{EE479023-0612-410B-BB52-4CD7C99E3752}.Release|iPhoneSimulator.Build.0 = Release|Any CPU
		{EE479023-0612-410B-BB52-4CD7C99E3752}.Release|Mixed Platforms.ActiveCfg = Release|Any CPU
		{EE479023-0612-410B-BB52-4CD7C99E3752}.Release|Mixed Platforms.Build.0 = Release|Any CPU
		{EE479023-0612-410B-BB52-4CD7C99E3752}.Release|x64.ActiveCfg = Release|Any CPU
		{EE479023-0612-410B-BB52-4CD7C99E3752}.Release|x64.Build.0 = Release|Any CPU
		{EE479023-0612-410B-BB52-4CD7C99E3752}.Release|x86.ActiveCfg = Release|Any CPU
		{EE479023-0612-410B-BB52-4CD7C99E3752}.Release|x86.Build.0 = Release|Any CPU
		{C26F501C-E167-47A1-BF35-7E3F40E84775}.Ad-Hoc|Any CPU.ActiveCfg = Release|Any CPU
		{C26F501C-E167-47A1-BF35-7E3F40E84775}.Ad-Hoc|Any CPU.Build.0 = Release|Any CPU
		{C26F501C-E167-47A1-BF35-7E3F40E84775}.Ad-Hoc|Any CPU.Deploy.0 = Release|Any CPU
		{C26F501C-E167-47A1-BF35-7E3F40E84775}.Ad-Hoc|ARM.ActiveCfg = Release|Any CPU
		{C26F501C-E167-47A1-BF35-7E3F40E84775}.Ad-Hoc|ARM.Build.0 = Release|Any CPU
		{C26F501C-E167-47A1-BF35-7E3F40E84775}.Ad-Hoc|ARM.Deploy.0 = Release|Any CPU
		{C26F501C-E167-47A1-BF35-7E3F40E84775}.Ad-Hoc|iPhone.ActiveCfg = Release|Any CPU
		{C26F501C-E167-47A1-BF35-7E3F40E84775}.Ad-Hoc|iPhone.Build.0 = Release|Any CPU
		{C26F501C-E167-47A1-BF35-7E3F40E84775}.Ad-Hoc|iPhone.Deploy.0 = Release|Any CPU
		{C26F501C-E167-47A1-BF35-7E3F40E84775}.Ad-Hoc|iPhoneSimulator.ActiveCfg = Release|Any CPU
		{C26F501C-E167-47A1-BF35-7E3F40E84775}.Ad-Hoc|iPhoneSimulator.Build.0 = Release|Any CPU
		{C26F501C-E167-47A1-BF35-7E3F40E84775}.Ad-Hoc|iPhoneSimulator.Deploy.0 = Release|Any CPU
		{C26F501C-E167-47A1-BF35-7E3F40E84775}.Ad-Hoc|Mixed Platforms.ActiveCfg = Debug|Any CPU
		{C26F501C-E167-47A1-BF35-7E3F40E84775}.Ad-Hoc|Mixed Platforms.Build.0 = Debug|Any CPU
		{C26F501C-E167-47A1-BF35-7E3F40E84775}.Ad-Hoc|Mixed Platforms.Deploy.0 = Debug|Any CPU
		{C26F501C-E167-47A1-BF35-7E3F40E84775}.Ad-Hoc|x64.ActiveCfg = Release|Any CPU
		{C26F501C-E167-47A1-BF35-7E3F40E84775}.Ad-Hoc|x64.Build.0 = Release|Any CPU
		{C26F501C-E167-47A1-BF35-7E3F40E84775}.Ad-Hoc|x64.Deploy.0 = Release|Any CPU
		{C26F501C-E167-47A1-BF35-7E3F40E84775}.Ad-Hoc|x86.ActiveCfg = Release|Any CPU
		{C26F501C-E167-47A1-BF35-7E3F40E84775}.Ad-Hoc|x86.Build.0 = Release|Any CPU
		{C26F501C-E167-47A1-BF35-7E3F40E84775}.Ad-Hoc|x86.Deploy.0 = Release|Any CPU
		{C26F501C-E167-47A1-BF35-7E3F40E84775}.AppStore|Any CPU.ActiveCfg = Release|Any CPU
		{C26F501C-E167-47A1-BF35-7E3F40E84775}.AppStore|Any CPU.Build.0 = Release|Any CPU
		{C26F501C-E167-47A1-BF35-7E3F40E84775}.AppStore|Any CPU.Deploy.0 = Release|Any CPU
		{C26F501C-E167-47A1-BF35-7E3F40E84775}.AppStore|ARM.ActiveCfg = Release|Any CPU
		{C26F501C-E167-47A1-BF35-7E3F40E84775}.AppStore|ARM.Build.0 = Release|Any CPU
		{C26F501C-E167-47A1-BF35-7E3F40E84775}.AppStore|ARM.Deploy.0 = Release|Any CPU
		{C26F501C-E167-47A1-BF35-7E3F40E84775}.AppStore|iPhone.ActiveCfg = Release|Any CPU
		{C26F501C-E167-47A1-BF35-7E3F40E84775}.AppStore|iPhone.Build.0 = Release|Any CPU
		{C26F501C-E167-47A1-BF35-7E3F40E84775}.AppStore|iPhone.Deploy.0 = Release|Any CPU
		{C26F501C-E167-47A1-BF35-7E3F40E84775}.AppStore|iPhoneSimulator.ActiveCfg = Release|Any CPU
		{C26F501C-E167-47A1-BF35-7E3F40E84775}.AppStore|iPhoneSimulator.Build.0 = Release|Any CPU
		{C26F501C-E167-47A1-BF35-7E3F40E84775}.AppStore|iPhoneSimulator.Deploy.0 = Release|Any CPU
		{C26F501C-E167-47A1-BF35-7E3F40E84775}.AppStore|Mixed Platforms.ActiveCfg = Debug|Any CPU
		{C26F501C-E167-47A1-BF35-7E3F40E84775}.AppStore|Mixed Platforms.Build.0 = Debug|Any CPU
		{C26F501C-E167-47A1-BF35-7E3F40E84775}.AppStore|Mixed Platforms.Deploy.0 = Debug|Any CPU
		{C26F501C-E167-47A1-BF35-7E3F40E84775}.AppStore|x64.ActiveCfg = Release|Any CPU
		{C26F501C-E167-47A1-BF35-7E3F40E84775}.AppStore|x64.Build.0 = Release|Any CPU
		{C26F501C-E167-47A1-BF35-7E3F40E84775}.AppStore|x64.Deploy.0 = Release|Any CPU
		{C26F501C-E167-47A1-BF35-7E3F40E84775}.AppStore|x86.ActiveCfg = Release|Any CPU
		{C26F501C-E167-47A1-BF35-7E3F40E84775}.AppStore|x86.Build.0 = Release|Any CPU
		{C26F501C-E167-47A1-BF35-7E3F40E84775}.AppStore|x86.Deploy.0 = Release|Any CPU
		{C26F501C-E167-47A1-BF35-7E3F40E84775}.Debug|Any CPU.ActiveCfg = Debug|Any CPU
		{C26F501C-E167-47A1-BF35-7E3F40E84775}.Debug|Any CPU.Build.0 = Debug|Any CPU
		{C26F501C-E167-47A1-BF35-7E3F40E84775}.Debug|Any CPU.Deploy.0 = Debug|Any CPU
		{C26F501C-E167-47A1-BF35-7E3F40E84775}.Debug|ARM.ActiveCfg = Debug|Any CPU
		{C26F501C-E167-47A1-BF35-7E3F40E84775}.Debug|ARM.Build.0 = Debug|Any CPU
		{C26F501C-E167-47A1-BF35-7E3F40E84775}.Debug|ARM.Deploy.0 = Debug|Any CPU
		{C26F501C-E167-47A1-BF35-7E3F40E84775}.Debug|iPhone.ActiveCfg = Debug|Any CPU
		{C26F501C-E167-47A1-BF35-7E3F40E84775}.Debug|iPhone.Build.0 = Debug|Any CPU
		{C26F501C-E167-47A1-BF35-7E3F40E84775}.Debug|iPhone.Deploy.0 = Debug|Any CPU
		{C26F501C-E167-47A1-BF35-7E3F40E84775}.Debug|iPhoneSimulator.ActiveCfg = Debug|Any CPU
		{C26F501C-E167-47A1-BF35-7E3F40E84775}.Debug|iPhoneSimulator.Build.0 = Debug|Any CPU
		{C26F501C-E167-47A1-BF35-7E3F40E84775}.Debug|iPhoneSimulator.Deploy.0 = Debug|Any CPU
		{C26F501C-E167-47A1-BF35-7E3F40E84775}.Debug|Mixed Platforms.ActiveCfg = Debug|Any CPU
		{C26F501C-E167-47A1-BF35-7E3F40E84775}.Debug|Mixed Platforms.Build.0 = Debug|Any CPU
		{C26F501C-E167-47A1-BF35-7E3F40E84775}.Debug|Mixed Platforms.Deploy.0 = Debug|Any CPU
		{C26F501C-E167-47A1-BF35-7E3F40E84775}.Debug|x64.ActiveCfg = Debug|Any CPU
		{C26F501C-E167-47A1-BF35-7E3F40E84775}.Debug|x64.Build.0 = Debug|Any CPU
		{C26F501C-E167-47A1-BF35-7E3F40E84775}.Debug|x64.Deploy.0 = Debug|Any CPU
		{C26F501C-E167-47A1-BF35-7E3F40E84775}.Debug|x86.ActiveCfg = Debug|Any CPU
		{C26F501C-E167-47A1-BF35-7E3F40E84775}.Debug|x86.Build.0 = Debug|Any CPU
		{C26F501C-E167-47A1-BF35-7E3F40E84775}.Debug|x86.Deploy.0 = Debug|Any CPU
		{C26F501C-E167-47A1-BF35-7E3F40E84775}.Release|Any CPU.ActiveCfg = Release|Any CPU
		{C26F501C-E167-47A1-BF35-7E3F40E84775}.Release|Any CPU.Build.0 = Release|Any CPU
		{C26F501C-E167-47A1-BF35-7E3F40E84775}.Release|Any CPU.Deploy.0 = Release|Any CPU
		{C26F501C-E167-47A1-BF35-7E3F40E84775}.Release|ARM.ActiveCfg = Release|Any CPU
		{C26F501C-E167-47A1-BF35-7E3F40E84775}.Release|ARM.Build.0 = Release|Any CPU
		{C26F501C-E167-47A1-BF35-7E3F40E84775}.Release|ARM.Deploy.0 = Release|Any CPU
		{C26F501C-E167-47A1-BF35-7E3F40E84775}.Release|iPhone.ActiveCfg = Release|Any CPU
		{C26F501C-E167-47A1-BF35-7E3F40E84775}.Release|iPhone.Build.0 = Release|Any CPU
		{C26F501C-E167-47A1-BF35-7E3F40E84775}.Release|iPhone.Deploy.0 = Release|Any CPU
		{C26F501C-E167-47A1-BF35-7E3F40E84775}.Release|iPhoneSimulator.ActiveCfg = Release|Any CPU
		{C26F501C-E167-47A1-BF35-7E3F40E84775}.Release|iPhoneSimulator.Build.0 = Release|Any CPU
		{C26F501C-E167-47A1-BF35-7E3F40E84775}.Release|iPhoneSimulator.Deploy.0 = Release|Any CPU
		{C26F501C-E167-47A1-BF35-7E3F40E84775}.Release|Mixed Platforms.ActiveCfg = Release|Any CPU
		{C26F501C-E167-47A1-BF35-7E3F40E84775}.Release|Mixed Platforms.Build.0 = Release|Any CPU
		{C26F501C-E167-47A1-BF35-7E3F40E84775}.Release|Mixed Platforms.Deploy.0 = Release|Any CPU
		{C26F501C-E167-47A1-BF35-7E3F40E84775}.Release|x64.ActiveCfg = Release|Any CPU
		{C26F501C-E167-47A1-BF35-7E3F40E84775}.Release|x64.Build.0 = Release|Any CPU
		{C26F501C-E167-47A1-BF35-7E3F40E84775}.Release|x64.Deploy.0 = Release|Any CPU
		{C26F501C-E167-47A1-BF35-7E3F40E84775}.Release|x86.ActiveCfg = Release|Any CPU
		{C26F501C-E167-47A1-BF35-7E3F40E84775}.Release|x86.Build.0 = Release|Any CPU
		{C26F501C-E167-47A1-BF35-7E3F40E84775}.Release|x86.Deploy.0 = Release|Any CPU
		{DFC1264D-2CF3-4F9C-85E6-463FE28A5583}.Ad-Hoc|Any CPU.ActiveCfg = Ad-Hoc|iPhone
		{DFC1264D-2CF3-4F9C-85E6-463FE28A5583}.Ad-Hoc|ARM.ActiveCfg = Ad-Hoc|iPhone
		{DFC1264D-2CF3-4F9C-85E6-463FE28A5583}.Ad-Hoc|iPhone.ActiveCfg = Ad-Hoc|iPhone
		{DFC1264D-2CF3-4F9C-85E6-463FE28A5583}.Ad-Hoc|iPhone.Build.0 = Ad-Hoc|iPhone
		{DFC1264D-2CF3-4F9C-85E6-463FE28A5583}.Ad-Hoc|iPhoneSimulator.ActiveCfg = Ad-Hoc|iPhoneSimulator
		{DFC1264D-2CF3-4F9C-85E6-463FE28A5583}.Ad-Hoc|iPhoneSimulator.Build.0 = Ad-Hoc|iPhoneSimulator
		{DFC1264D-2CF3-4F9C-85E6-463FE28A5583}.Ad-Hoc|Mixed Platforms.ActiveCfg = Ad-Hoc|iPhoneSimulator
		{DFC1264D-2CF3-4F9C-85E6-463FE28A5583}.Ad-Hoc|Mixed Platforms.Build.0 = Ad-Hoc|iPhoneSimulator
		{DFC1264D-2CF3-4F9C-85E6-463FE28A5583}.Ad-Hoc|x64.ActiveCfg = Ad-Hoc|iPhone
		{DFC1264D-2CF3-4F9C-85E6-463FE28A5583}.Ad-Hoc|x86.ActiveCfg = Ad-Hoc|iPhone
		{DFC1264D-2CF3-4F9C-85E6-463FE28A5583}.AppStore|Any CPU.ActiveCfg = AppStore|iPhone
		{DFC1264D-2CF3-4F9C-85E6-463FE28A5583}.AppStore|ARM.ActiveCfg = AppStore|iPhone
		{DFC1264D-2CF3-4F9C-85E6-463FE28A5583}.AppStore|iPhone.ActiveCfg = AppStore|iPhone
		{DFC1264D-2CF3-4F9C-85E6-463FE28A5583}.AppStore|iPhone.Build.0 = AppStore|iPhone
		{DFC1264D-2CF3-4F9C-85E6-463FE28A5583}.AppStore|iPhoneSimulator.ActiveCfg = AppStore|iPhoneSimulator
		{DFC1264D-2CF3-4F9C-85E6-463FE28A5583}.AppStore|iPhoneSimulator.Build.0 = AppStore|iPhoneSimulator
		{DFC1264D-2CF3-4F9C-85E6-463FE28A5583}.AppStore|Mixed Platforms.ActiveCfg = AppStore|iPhoneSimulator
		{DFC1264D-2CF3-4F9C-85E6-463FE28A5583}.AppStore|Mixed Platforms.Build.0 = AppStore|iPhoneSimulator
		{DFC1264D-2CF3-4F9C-85E6-463FE28A5583}.AppStore|x64.ActiveCfg = AppStore|iPhone
		{DFC1264D-2CF3-4F9C-85E6-463FE28A5583}.AppStore|x86.ActiveCfg = AppStore|iPhone
		{DFC1264D-2CF3-4F9C-85E6-463FE28A5583}.Debug|Any CPU.ActiveCfg = Debug|iPhone
		{DFC1264D-2CF3-4F9C-85E6-463FE28A5583}.Debug|ARM.ActiveCfg = Debug|iPhone
		{DFC1264D-2CF3-4F9C-85E6-463FE28A5583}.Debug|iPhone.ActiveCfg = Debug|iPhone
		{DFC1264D-2CF3-4F9C-85E6-463FE28A5583}.Debug|iPhone.Build.0 = Debug|iPhone
		{DFC1264D-2CF3-4F9C-85E6-463FE28A5583}.Debug|iPhoneSimulator.ActiveCfg = Debug|iPhoneSimulator
		{DFC1264D-2CF3-4F9C-85E6-463FE28A5583}.Debug|iPhoneSimulator.Build.0 = Debug|iPhoneSimulator
		{DFC1264D-2CF3-4F9C-85E6-463FE28A5583}.Debug|Mixed Platforms.ActiveCfg = Debug|iPhoneSimulator
		{DFC1264D-2CF3-4F9C-85E6-463FE28A5583}.Debug|Mixed Platforms.Build.0 = Debug|iPhoneSimulator
		{DFC1264D-2CF3-4F9C-85E6-463FE28A5583}.Debug|x64.ActiveCfg = Debug|iPhone
		{DFC1264D-2CF3-4F9C-85E6-463FE28A5583}.Debug|x86.ActiveCfg = Debug|iPhone
		{DFC1264D-2CF3-4F9C-85E6-463FE28A5583}.Release|Any CPU.ActiveCfg = Release|iPhone
		{DFC1264D-2CF3-4F9C-85E6-463FE28A5583}.Release|ARM.ActiveCfg = Release|iPhone
		{DFC1264D-2CF3-4F9C-85E6-463FE28A5583}.Release|iPhone.ActiveCfg = Release|iPhone
		{DFC1264D-2CF3-4F9C-85E6-463FE28A5583}.Release|iPhone.Build.0 = Release|iPhone
		{DFC1264D-2CF3-4F9C-85E6-463FE28A5583}.Release|iPhoneSimulator.ActiveCfg = Release|iPhoneSimulator
		{DFC1264D-2CF3-4F9C-85E6-463FE28A5583}.Release|iPhoneSimulator.Build.0 = Release|iPhoneSimulator
		{DFC1264D-2CF3-4F9C-85E6-463FE28A5583}.Release|Mixed Platforms.ActiveCfg = Release|iPhoneSimulator
		{DFC1264D-2CF3-4F9C-85E6-463FE28A5583}.Release|Mixed Platforms.Build.0 = Release|iPhoneSimulator
		{DFC1264D-2CF3-4F9C-85E6-463FE28A5583}.Release|x64.ActiveCfg = Release|iPhone
		{DFC1264D-2CF3-4F9C-85E6-463FE28A5583}.Release|x86.ActiveCfg = Release|iPhone
		{91217F32-D44C-4602-98D1-C165C14A4CDC}.Ad-Hoc|Any CPU.ActiveCfg = Release|x86
		{91217F32-D44C-4602-98D1-C165C14A4CDC}.Ad-Hoc|Any CPU.Build.0 = Release|x86
		{91217F32-D44C-4602-98D1-C165C14A4CDC}.Ad-Hoc|Any CPU.Deploy.0 = Release|x86
		{91217F32-D44C-4602-98D1-C165C14A4CDC}.Ad-Hoc|ARM.ActiveCfg = Release|ARM
		{91217F32-D44C-4602-98D1-C165C14A4CDC}.Ad-Hoc|ARM.Build.0 = Release|ARM
		{91217F32-D44C-4602-98D1-C165C14A4CDC}.Ad-Hoc|ARM.Deploy.0 = Release|ARM
		{91217F32-D44C-4602-98D1-C165C14A4CDC}.Ad-Hoc|iPhone.ActiveCfg = Release|x86
		{91217F32-D44C-4602-98D1-C165C14A4CDC}.Ad-Hoc|iPhone.Build.0 = Release|x86
		{91217F32-D44C-4602-98D1-C165C14A4CDC}.Ad-Hoc|iPhone.Deploy.0 = Release|x86
		{91217F32-D44C-4602-98D1-C165C14A4CDC}.Ad-Hoc|iPhoneSimulator.ActiveCfg = Release|x86
		{91217F32-D44C-4602-98D1-C165C14A4CDC}.Ad-Hoc|iPhoneSimulator.Build.0 = Release|x86
		{91217F32-D44C-4602-98D1-C165C14A4CDC}.Ad-Hoc|iPhoneSimulator.Deploy.0 = Release|x86
		{91217F32-D44C-4602-98D1-C165C14A4CDC}.Ad-Hoc|Mixed Platforms.ActiveCfg = Debug|x86
		{91217F32-D44C-4602-98D1-C165C14A4CDC}.Ad-Hoc|Mixed Platforms.Build.0 = Debug|x86
		{91217F32-D44C-4602-98D1-C165C14A4CDC}.Ad-Hoc|Mixed Platforms.Deploy.0 = Debug|x86
		{91217F32-D44C-4602-98D1-C165C14A4CDC}.Ad-Hoc|x64.ActiveCfg = Release|x64
		{91217F32-D44C-4602-98D1-C165C14A4CDC}.Ad-Hoc|x64.Build.0 = Release|x64
		{91217F32-D44C-4602-98D1-C165C14A4CDC}.Ad-Hoc|x64.Deploy.0 = Release|x64
		{91217F32-D44C-4602-98D1-C165C14A4CDC}.Ad-Hoc|x86.ActiveCfg = Release|x86
		{91217F32-D44C-4602-98D1-C165C14A4CDC}.Ad-Hoc|x86.Build.0 = Release|x86
		{91217F32-D44C-4602-98D1-C165C14A4CDC}.Ad-Hoc|x86.Deploy.0 = Release|x86
		{91217F32-D44C-4602-98D1-C165C14A4CDC}.AppStore|Any CPU.ActiveCfg = Release|x86
		{91217F32-D44C-4602-98D1-C165C14A4CDC}.AppStore|Any CPU.Build.0 = Release|x86
		{91217F32-D44C-4602-98D1-C165C14A4CDC}.AppStore|Any CPU.Deploy.0 = Release|x86
		{91217F32-D44C-4602-98D1-C165C14A4CDC}.AppStore|ARM.ActiveCfg = Release|ARM
		{91217F32-D44C-4602-98D1-C165C14A4CDC}.AppStore|ARM.Build.0 = Release|ARM
		{91217F32-D44C-4602-98D1-C165C14A4CDC}.AppStore|ARM.Deploy.0 = Release|ARM
		{91217F32-D44C-4602-98D1-C165C14A4CDC}.AppStore|iPhone.ActiveCfg = Release|x86
		{91217F32-D44C-4602-98D1-C165C14A4CDC}.AppStore|iPhone.Build.0 = Release|x86
		{91217F32-D44C-4602-98D1-C165C14A4CDC}.AppStore|iPhone.Deploy.0 = Release|x86
		{91217F32-D44C-4602-98D1-C165C14A4CDC}.AppStore|iPhoneSimulator.ActiveCfg = Release|x86
		{91217F32-D44C-4602-98D1-C165C14A4CDC}.AppStore|iPhoneSimulator.Build.0 = Release|x86
		{91217F32-D44C-4602-98D1-C165C14A4CDC}.AppStore|iPhoneSimulator.Deploy.0 = Release|x86
		{91217F32-D44C-4602-98D1-C165C14A4CDC}.AppStore|Mixed Platforms.ActiveCfg = Debug|x86
		{91217F32-D44C-4602-98D1-C165C14A4CDC}.AppStore|Mixed Platforms.Build.0 = Debug|x86
		{91217F32-D44C-4602-98D1-C165C14A4CDC}.AppStore|Mixed Platforms.Deploy.0 = Debug|x86
		{91217F32-D44C-4602-98D1-C165C14A4CDC}.AppStore|x64.ActiveCfg = Release|x64
		{91217F32-D44C-4602-98D1-C165C14A4CDC}.AppStore|x64.Build.0 = Release|x64
		{91217F32-D44C-4602-98D1-C165C14A4CDC}.AppStore|x64.Deploy.0 = Release|x64
		{91217F32-D44C-4602-98D1-C165C14A4CDC}.AppStore|x86.ActiveCfg = Release|x86
		{91217F32-D44C-4602-98D1-C165C14A4CDC}.AppStore|x86.Build.0 = Release|x86
		{91217F32-D44C-4602-98D1-C165C14A4CDC}.AppStore|x86.Deploy.0 = Release|x86
		{91217F32-D44C-4602-98D1-C165C14A4CDC}.Debug|Any CPU.ActiveCfg = Debug|x86
		{91217F32-D44C-4602-98D1-C165C14A4CDC}.Debug|ARM.ActiveCfg = Debug|ARM
		{91217F32-D44C-4602-98D1-C165C14A4CDC}.Debug|ARM.Build.0 = Debug|ARM
		{91217F32-D44C-4602-98D1-C165C14A4CDC}.Debug|ARM.Deploy.0 = Debug|ARM
		{91217F32-D44C-4602-98D1-C165C14A4CDC}.Debug|iPhone.ActiveCfg = Debug|x86
		{91217F32-D44C-4602-98D1-C165C14A4CDC}.Debug|iPhoneSimulator.ActiveCfg = Debug|x86
		{91217F32-D44C-4602-98D1-C165C14A4CDC}.Debug|Mixed Platforms.ActiveCfg = Debug|x86
		{91217F32-D44C-4602-98D1-C165C14A4CDC}.Debug|Mixed Platforms.Build.0 = Debug|x86
		{91217F32-D44C-4602-98D1-C165C14A4CDC}.Debug|Mixed Platforms.Deploy.0 = Debug|x86
		{91217F32-D44C-4602-98D1-C165C14A4CDC}.Debug|x64.ActiveCfg = Debug|x64
		{91217F32-D44C-4602-98D1-C165C14A4CDC}.Debug|x64.Build.0 = Debug|x64
		{91217F32-D44C-4602-98D1-C165C14A4CDC}.Debug|x64.Deploy.0 = Debug|x64
		{91217F32-D44C-4602-98D1-C165C14A4CDC}.Debug|x86.ActiveCfg = Debug|x86
		{91217F32-D44C-4602-98D1-C165C14A4CDC}.Debug|x86.Build.0 = Debug|x86
		{91217F32-D44C-4602-98D1-C165C14A4CDC}.Debug|x86.Deploy.0 = Debug|x86
		{91217F32-D44C-4602-98D1-C165C14A4CDC}.Release|Any CPU.ActiveCfg = Release|x86
		{91217F32-D44C-4602-98D1-C165C14A4CDC}.Release|ARM.ActiveCfg = Release|ARM
		{91217F32-D44C-4602-98D1-C165C14A4CDC}.Release|ARM.Build.0 = Release|ARM
		{91217F32-D44C-4602-98D1-C165C14A4CDC}.Release|ARM.Deploy.0 = Release|ARM
		{91217F32-D44C-4602-98D1-C165C14A4CDC}.Release|iPhone.ActiveCfg = Release|x86
		{91217F32-D44C-4602-98D1-C165C14A4CDC}.Release|iPhoneSimulator.ActiveCfg = Release|x86
		{91217F32-D44C-4602-98D1-C165C14A4CDC}.Release|Mixed Platforms.ActiveCfg = Release|x86
		{91217F32-D44C-4602-98D1-C165C14A4CDC}.Release|Mixed Platforms.Build.0 = Release|x86
		{91217F32-D44C-4602-98D1-C165C14A4CDC}.Release|Mixed Platforms.Deploy.0 = Release|x86
		{91217F32-D44C-4602-98D1-C165C14A4CDC}.Release|x64.ActiveCfg = Release|x64
		{91217F32-D44C-4602-98D1-C165C14A4CDC}.Release|x64.Build.0 = Release|x64
		{91217F32-D44C-4602-98D1-C165C14A4CDC}.Release|x64.Deploy.0 = Release|x64
		{91217F32-D44C-4602-98D1-C165C14A4CDC}.Release|x86.ActiveCfg = Release|x86
		{91217F32-D44C-4602-98D1-C165C14A4CDC}.Release|x86.Build.0 = Release|x86
		{91217F32-D44C-4602-98D1-C165C14A4CDC}.Release|x86.Deploy.0 = Release|x86
		{9EEF0367-8F51-442B-98CF-79F5909566A7}.Ad-Hoc|Any CPU.ActiveCfg = Release|Any CPU
		{9EEF0367-8F51-442B-98CF-79F5909566A7}.Ad-Hoc|Any CPU.Build.0 = Release|Any CPU
		{9EEF0367-8F51-442B-98CF-79F5909566A7}.Ad-Hoc|ARM.ActiveCfg = Release|Any CPU
		{9EEF0367-8F51-442B-98CF-79F5909566A7}.Ad-Hoc|ARM.Build.0 = Release|Any CPU
		{9EEF0367-8F51-442B-98CF-79F5909566A7}.Ad-Hoc|iPhone.ActiveCfg = Release|Any CPU
		{9EEF0367-8F51-442B-98CF-79F5909566A7}.Ad-Hoc|iPhone.Build.0 = Release|Any CPU
		{9EEF0367-8F51-442B-98CF-79F5909566A7}.Ad-Hoc|iPhoneSimulator.ActiveCfg = Release|Any CPU
		{9EEF0367-8F51-442B-98CF-79F5909566A7}.Ad-Hoc|iPhoneSimulator.Build.0 = Release|Any CPU
		{9EEF0367-8F51-442B-98CF-79F5909566A7}.Ad-Hoc|Mixed Platforms.ActiveCfg = Debug|Any CPU
		{9EEF0367-8F51-442B-98CF-79F5909566A7}.Ad-Hoc|Mixed Platforms.Build.0 = Debug|Any CPU
		{9EEF0367-8F51-442B-98CF-79F5909566A7}.Ad-Hoc|x64.ActiveCfg = Release|Any CPU
		{9EEF0367-8F51-442B-98CF-79F5909566A7}.Ad-Hoc|x64.Build.0 = Release|Any CPU
		{9EEF0367-8F51-442B-98CF-79F5909566A7}.Ad-Hoc|x86.ActiveCfg = Release|Any CPU
		{9EEF0367-8F51-442B-98CF-79F5909566A7}.Ad-Hoc|x86.Build.0 = Release|Any CPU
		{9EEF0367-8F51-442B-98CF-79F5909566A7}.AppStore|Any CPU.ActiveCfg = Release|Any CPU
		{9EEF0367-8F51-442B-98CF-79F5909566A7}.AppStore|Any CPU.Build.0 = Release|Any CPU
		{9EEF0367-8F51-442B-98CF-79F5909566A7}.AppStore|ARM.ActiveCfg = Release|Any CPU
		{9EEF0367-8F51-442B-98CF-79F5909566A7}.AppStore|ARM.Build.0 = Release|Any CPU
		{9EEF0367-8F51-442B-98CF-79F5909566A7}.AppStore|iPhone.ActiveCfg = Release|Any CPU
		{9EEF0367-8F51-442B-98CF-79F5909566A7}.AppStore|iPhone.Build.0 = Release|Any CPU
		{9EEF0367-8F51-442B-98CF-79F5909566A7}.AppStore|iPhoneSimulator.ActiveCfg = Release|Any CPU
		{9EEF0367-8F51-442B-98CF-79F5909566A7}.AppStore|iPhoneSimulator.Build.0 = Release|Any CPU
		{9EEF0367-8F51-442B-98CF-79F5909566A7}.AppStore|Mixed Platforms.ActiveCfg = Debug|Any CPU
		{9EEF0367-8F51-442B-98CF-79F5909566A7}.AppStore|Mixed Platforms.Build.0 = Debug|Any CPU
		{9EEF0367-8F51-442B-98CF-79F5909566A7}.AppStore|x64.ActiveCfg = Release|Any CPU
		{9EEF0367-8F51-442B-98CF-79F5909566A7}.AppStore|x64.Build.0 = Release|Any CPU
		{9EEF0367-8F51-442B-98CF-79F5909566A7}.AppStore|x86.ActiveCfg = Release|Any CPU
		{9EEF0367-8F51-442B-98CF-79F5909566A7}.AppStore|x86.Build.0 = Release|Any CPU
		{9EEF0367-8F51-442B-98CF-79F5909566A7}.Debug|Any CPU.ActiveCfg = Debug|Any CPU
		{9EEF0367-8F51-442B-98CF-79F5909566A7}.Debug|Any CPU.Build.0 = Debug|Any CPU
		{9EEF0367-8F51-442B-98CF-79F5909566A7}.Debug|ARM.ActiveCfg = Debug|Any CPU
		{9EEF0367-8F51-442B-98CF-79F5909566A7}.Debug|ARM.Build.0 = Debug|Any CPU
		{9EEF0367-8F51-442B-98CF-79F5909566A7}.Debug|iPhone.ActiveCfg = Debug|Any CPU
		{9EEF0367-8F51-442B-98CF-79F5909566A7}.Debug|iPhone.Build.0 = Debug|Any CPU
		{9EEF0367-8F51-442B-98CF-79F5909566A7}.Debug|iPhoneSimulator.ActiveCfg = Debug|Any CPU
		{9EEF0367-8F51-442B-98CF-79F5909566A7}.Debug|iPhoneSimulator.Build.0 = Debug|Any CPU
		{9EEF0367-8F51-442B-98CF-79F5909566A7}.Debug|Mixed Platforms.ActiveCfg = Debug|Any CPU
		{9EEF0367-8F51-442B-98CF-79F5909566A7}.Debug|Mixed Platforms.Build.0 = Debug|Any CPU
		{9EEF0367-8F51-442B-98CF-79F5909566A7}.Debug|x64.ActiveCfg = Debug|Any CPU
		{9EEF0367-8F51-442B-98CF-79F5909566A7}.Debug|x64.Build.0 = Debug|Any CPU
		{9EEF0367-8F51-442B-98CF-79F5909566A7}.Debug|x86.ActiveCfg = Debug|Any CPU
		{9EEF0367-8F51-442B-98CF-79F5909566A7}.Debug|x86.Build.0 = Debug|Any CPU
		{9EEF0367-8F51-442B-98CF-79F5909566A7}.Release|Any CPU.ActiveCfg = Release|Any CPU
		{9EEF0367-8F51-442B-98CF-79F5909566A7}.Release|Any CPU.Build.0 = Release|Any CPU
		{9EEF0367-8F51-442B-98CF-79F5909566A7}.Release|ARM.ActiveCfg = Release|Any CPU
		{9EEF0367-8F51-442B-98CF-79F5909566A7}.Release|ARM.Build.0 = Release|Any CPU
		{9EEF0367-8F51-442B-98CF-79F5909566A7}.Release|iPhone.ActiveCfg = Release|Any CPU
		{9EEF0367-8F51-442B-98CF-79F5909566A7}.Release|iPhone.Build.0 = Release|Any CPU
		{9EEF0367-8F51-442B-98CF-79F5909566A7}.Release|iPhoneSimulator.ActiveCfg = Release|Any CPU
		{9EEF0367-8F51-442B-98CF-79F5909566A7}.Release|iPhoneSimulator.Build.0 = Release|Any CPU
		{9EEF0367-8F51-442B-98CF-79F5909566A7}.Release|Mixed Platforms.ActiveCfg = Release|Any CPU
		{9EEF0367-8F51-442B-98CF-79F5909566A7}.Release|Mixed Platforms.Build.0 = Release|Any CPU
		{9EEF0367-8F51-442B-98CF-79F5909566A7}.Release|x64.ActiveCfg = Release|Any CPU
		{9EEF0367-8F51-442B-98CF-79F5909566A7}.Release|x64.Build.0 = Release|Any CPU
		{9EEF0367-8F51-442B-98CF-79F5909566A7}.Release|x86.ActiveCfg = Release|Any CPU
		{9EEF0367-8F51-442B-98CF-79F5909566A7}.Release|x86.Build.0 = Release|Any CPU
	EndGlobalSection
	GlobalSection(SolutionProperties) = preSolution
		HideSolutionNode = FALSE
	EndGlobalSection
	GlobalSection(ExtensibilityGlobals) = postSolution
		SolutionGuid = {9CE161B4-DA68-43C2-97C8-AA097BA2FF40}
	EndGlobalSection
EndGlobal
